{
  "name": "atlas-md",
  "version": "0.1.0",
  "lockfileVersion": 3,
  "requires": true,
  "packages": {
    "": {
      "name": "atlas-md",
      "version": "0.1.0",
      "license": "MIT",
      "bin": {
        "atlas-md": "server.js"
      },
      "engines": {
        "node": ">=18.0.0"
      }
    }
  }
}
